
Microsoft Visual Studio Solution File, Format Version 10.00
# Visual Studio 2008
Project("{8BC9CEB8-8B4A-11D0-8D11-00A0C91BC942}") = "vcsolution", "vcsolution.vcproj", "{D578D798-7A2A-4BD4-AA5E-706DEEE4F69C}"
EndProject
Global
	GlobalSection(SolutionConfigurationPlatforms) = preSolution
		Debug|Win32 = Debug|Win32
		Release|Win32 = Release|Win32
	EndGlobalSection
	GlobalSection(ProjectConfigurationPlatforms) = postSolution
		{D578D798-7A2A-4BD4-AA5E-706DEEE4F69C}.Debug|Win32.ActiveCfg = Debug|Win32
		{D578D798-7A2A-4BD4-AA5E-706DEEE4F69C}.Debug|Win32.Build.0 = Debug|Win32
		{D578D798-7A2A-4BD4-AA5E-706DEEE4F69C}.Release|Win32.ActiveCfg = Release|Win32
		{D578D798-7A2A-4BD4-AA5E-706DEEE4F69C}.Release|Win32.Build.0 = Release|Win32
	EndGlobalSection
	GlobalSection(SolutionProperties) = preSolution
		HideSolutionNode = FALSE
	EndGlobalSection
EndGlobal
